
Microsoft Visual Studio Solution File, Format Version 12.00
# Visual Studio 14
VisualStudioVersion = 14.0.25420.1
MinimumVisualStudioVersion = 10.0.40219.1
Project("{FAE04EC0-301F-11D3-BF4B-00C04F79EFBC}") = "Nexigo", "Nexigo\Nexigo.csproj", "{12F52732-CCB2-4656-AA63-24CB1CA2D331}"
EndProject
Project("{2150E333-8FDC-42A3-9474-1A3956D46DE8}") = ".nuget", ".nuget", "{21F68142-3265-432C-8162-B535B7D05202}"
	ProjectSection(SolutionItems) = preProject
		.nuget\NuGet.Config = .nuget\NuGet.Config
		.nuget\NuGet.exe = .nuget\NuGet.exe
		.nuget\NuGet.targets = .nuget\NuGet.targets
	EndProjectSection
EndProject
Project("{FAE04EC0-301F-11D3-BF4B-00C04F79EFBC}") = "NexigoApi", "NexigoApi\NexigoApi.csproj", "{9E052849-BA23-4D7C-9271-9589FC472D51}"
EndProject
Global
	GlobalSection(SolutionConfigurationPlatforms) = preSolution
		Debug|Any CPU = Debug|Any CPU
		Release|Any CPU = Release|Any CPU
	EndGlobalSection
	GlobalSection(ProjectConfigurationPlatforms) = postSolution
		{12F52732-CCB2-4656-AA63-24CB1CA2D331}.Debug|Any CPU.ActiveCfg = Debug|Any CPU
		{12F52732-CCB2-4656-AA63-24CB1CA2D331}.Debug|Any CPU.Build.0 = Debug|Any CPU
		{12F52732-CCB2-4656-AA63-24CB1CA2D331}.Release|Any CPU.ActiveCfg = Release|Any CPU
		{12F52732-CCB2-4656-AA63-24CB1CA2D331}.Release|Any CPU.Build.0 = Release|Any CPU
		{9E052849-BA23-4D7C-9271-9589FC472D51}.Debug|Any CPU.ActiveCfg = Debug|Any CPU
		{9E052849-BA23-4D7C-9271-9589FC472D51}.Debug|Any CPU.Build.0 = Debug|Any CPU
		{9E052849-BA23-4D7C-9271-9589FC472D51}.Release|Any CPU.ActiveCfg = Release|Any CPU
		{9E052849-BA23-4D7C-9271-9589FC472D51}.Release|Any CPU.Build.0 = Release|Any CPU
	EndGlobalSection
	GlobalSection(SolutionProperties) = preSolution
		HideSolutionNode = FALSE
	EndGlobalSection
EndGlobal
